
Microsoft Visual Studio Solution File, Format Version 12.00
# Visual Studio 2012
Project("{F14B399A-7131-4C87-9E4B-1186C45EF12D}") = "AdventureWorksReports", "AdventureWorksReports.rptproj", "{2C684425-C6C0-42E4-B6AE-741509B47FDF}"
EndProject
Global
	GlobalSection(SolutionConfigurationPlatforms) = preSolution
		Debug|Default = Debug|Default
		DebugLocal|Default = DebugLocal|Default
		Production|Default = Production|Default
	EndGlobalSection
	GlobalSection(ProjectConfigurationPlatforms) = postSolution
		{2C684425-C6C0-42E4-B6AE-741509B47FDF}.Debug|Default.ActiveCfg = Debug
		{2C684425-C6C0-42E4-B6AE-741509B47FDF}.Debug|Default.Build.0 = DebugLocal
		{2C684425-C6C0-42E4-B6AE-741509B47FDF}.Debug|Default.Deploy.0 = DebugLocal
		{2C684425-C6C0-42E4-B6AE-741509B47FDF}.DebugLocal|Default.ActiveCfg = DebugLocal
		{2C684425-C6C0-42E4-B6AE-741509B47FDF}.DebugLocal|Default.Build.0 = DebugLocal
		{2C684425-C6C0-42E4-B6AE-741509B47FDF}.Production|Default.ActiveCfg = Production
		{2C684425-C6C0-42E4-B6AE-741509B47FDF}.Production|Default.Build.0 = Production
		{2C684425-C6C0-42E4-B6AE-741509B47FDF}.Production|Default.Deploy.0 = Production
	EndGlobalSection
	GlobalSection(SolutionProperties) = preSolution
		HideSolutionNode = FALSE
	EndGlobalSection
EndGlobal
