
Microsoft Visual Studio Solution File, Format Version 12.00
# Visual Studio 2013
VisualStudioVersion = 12.0.30723.0
MinimumVisualStudioVersion = 10.0.40219.1
Project("{FAE04EC0-301F-11D3-BF4B-00C04F79EFBC}") = "server", "server\server.csproj", "{D6D567FA-BB7F-458C-9384-2B6F57F453CE}"
EndProject
Project("{FAE04EC0-301F-11D3-BF4B-00C04F79EFBC}") = "client", "client\client.csproj", "{0E7436AB-549C-4822-A8B9-1A6AB6594A8A}"
EndProject
Project("{BBD0F5D1-1CC4-42FD-BA4C-A96779C64378}") = "PartsSystem", "PartsSystem\PartsSystem.synproj", "{A9E00FE8-D599-4B89-9D73-0805EE1F5818}"
EndProject
Project("{2150E333-8FDC-42A3-9474-1A3956D46DE8}") = "Solution Items", "Solution Items", "{AC9A0F8F-8B0D-45C8-A776-7684911DB7D4}"
	ProjectSection(SolutionItems) = preProject
		regen.bat = regen.bat
	EndProjectSection
EndProject
Project("{2150E333-8FDC-42A3-9474-1A3956D46DE8}") = "Templates", "Templates", "{9D5B71A9-628F-4D73-A2F7-842806722D94}"
	ProjectSection(SolutionItems) = preProject
		Templates\CRUD.tpl = Templates\CRUD.tpl
		Templates\CRUDBase.tpl = Templates\CRUDBase.tpl
		Templates\CRUDService.tpl = Templates\CRUDService.tpl
		Templates\CRUDServiceBase.tpl = Templates\CRUDServiceBase.tpl
		Templates\DataClass.tpl = Templates\DataClass.tpl
		Templates\DataUtils.tpl = Templates\DataUtils.tpl
		Templates\DataWrapper.tpl = Templates\DataWrapper.tpl
		Templates\MethodStatus.tpl = Templates\MethodStatus.tpl
		Templates\SynchronousMainClass.tpl = Templates\SynchronousMainClass.tpl
	EndProjectSection
EndProject
Project("{BBD0F5D1-1CC4-42FD-BA4C-A96779C64378}") = "AppDomainProtection", "AppDomainProtection\AppDomainProtection.synproj", "{730CAC09-E5CF-441C-80D0-F0623ED1ADBB}"
EndProject
Global
	GlobalSection(SolutionConfigurationPlatforms) = preSolution
		Debug|Any CPU = Debug|Any CPU
		Release|Any CPU = Release|Any CPU
	EndGlobalSection
	GlobalSection(ProjectConfigurationPlatforms) = postSolution
		{D6D567FA-BB7F-458C-9384-2B6F57F453CE}.Debug|Any CPU.ActiveCfg = Debug|Any CPU
		{D6D567FA-BB7F-458C-9384-2B6F57F453CE}.Debug|Any CPU.Build.0 = Debug|Any CPU
		{D6D567FA-BB7F-458C-9384-2B6F57F453CE}.Release|Any CPU.ActiveCfg = Release|Any CPU
		{D6D567FA-BB7F-458C-9384-2B6F57F453CE}.Release|Any CPU.Build.0 = Release|Any CPU
		{0E7436AB-549C-4822-A8B9-1A6AB6594A8A}.Debug|Any CPU.ActiveCfg = Debug|Any CPU
		{0E7436AB-549C-4822-A8B9-1A6AB6594A8A}.Debug|Any CPU.Build.0 = Debug|Any CPU
		{0E7436AB-549C-4822-A8B9-1A6AB6594A8A}.Release|Any CPU.ActiveCfg = Release|Any CPU
		{0E7436AB-549C-4822-A8B9-1A6AB6594A8A}.Release|Any CPU.Build.0 = Release|Any CPU
		{A9E00FE8-D599-4B89-9D73-0805EE1F5818}.Debug|Any CPU.ActiveCfg = Debug|Any CPU
		{A9E00FE8-D599-4B89-9D73-0805EE1F5818}.Debug|Any CPU.Build.0 = Debug|Any CPU
		{A9E00FE8-D599-4B89-9D73-0805EE1F5818}.Release|Any CPU.ActiveCfg = Release|Any CPU
		{A9E00FE8-D599-4B89-9D73-0805EE1F5818}.Release|Any CPU.Build.0 = Release|Any CPU
		{730CAC09-E5CF-441C-80D0-F0623ED1ADBB}.Debug|Any CPU.ActiveCfg = Debug|Any CPU
		{730CAC09-E5CF-441C-80D0-F0623ED1ADBB}.Debug|Any CPU.Build.0 = Debug|Any CPU
		{730CAC09-E5CF-441C-80D0-F0623ED1ADBB}.Release|Any CPU.ActiveCfg = Release|Any CPU
		{730CAC09-E5CF-441C-80D0-F0623ED1ADBB}.Release|Any CPU.Build.0 = Release|Any CPU
	EndGlobalSection
	GlobalSection(SolutionProperties) = preSolution
		HideSolutionNode = FALSE
	EndGlobalSection
EndGlobal
