
Microsoft Visual Studio Solution File, Format Version 12.00
# Visual Studio 2013
VisualStudioVersion = 12.0.30110.0
MinimumVisualStudioVersion = 10.0.40219.1
Project("{FAE04EC0-301F-11D3-BF4B-00C04F79EFBC}") = "TipCalc.Core", "TipCalc.Core\TipCalc.Core.csproj", "{B7B3B28D-7A3A-4850-B07E-6690A75163C8}"
EndProject
Project("{FAE04EC0-301F-11D3-BF4B-00C04F79EFBC}") = "TipCalc.UI.Droid", "TipCalc.UI.Droid\TipCalc.UI.Droid.csproj", "{A12FC20A-4780-4F44-AF5D-5389A2C1E95A}"
EndProject
Project("{FAE04EC0-301F-11D3-BF4B-00C04F79EFBC}") = "TipCalc.UI.Wpf", "TipCalc.UI.Wpf\TipCalc.UI.Wpf.csproj", "{FC13F240-BA8B-4CE0-8758-A6D09096E1D1}"
EndProject
Project("{FAE04EC0-301F-11D3-BF4B-00C04F79EFBC}") = "TipCalc.UI.Phone", "TipCalc.UI.Phone\TipCalc.UI.Phone.csproj", "{18D498E1-9768-4BE4-9C69-7C12FA4C3480}"
EndProject
Project("{FAE04EC0-301F-11D3-BF4B-00C04F79EFBC}") = "TipCalc.UI.Store", "TipCalc.UI.Store\TipCalc.UI.Store.csproj", "{4BABB6B4-53E6-45B2-9FA3-4E4AFC4E1168}"
EndProject
Project("{FAE04EC0-301F-11D3-BF4B-00C04F79EFBC}") = "TipCalc.UI.Touch", "TipCalc.UI.Touch\TipCalc.UI.Touch.csproj", "{AB05AD4A-1592-48A7-AC30-0A35A77A65D3}"
EndProject
Global
	GlobalSection(SolutionConfigurationPlatforms) = preSolution
		Ad-Hoc|Any CPU = Ad-Hoc|Any CPU
		Ad-Hoc|ARM = Ad-Hoc|ARM
		Ad-Hoc|iPhone = Ad-Hoc|iPhone
		Ad-Hoc|iPhoneSimulator = Ad-Hoc|iPhoneSimulator
		Ad-Hoc|Mixed Platforms = Ad-Hoc|Mixed Platforms
		Ad-Hoc|x64 = Ad-Hoc|x64
		Ad-Hoc|x86 = Ad-Hoc|x86
		AppStore|Any CPU = AppStore|Any CPU
		AppStore|ARM = AppStore|ARM
		AppStore|iPhone = AppStore|iPhone
		AppStore|iPhoneSimulator = AppStore|iPhoneSimulator
		AppStore|Mixed Platforms = AppStore|Mixed Platforms
		AppStore|x64 = AppStore|x64
		AppStore|x86 = AppStore|x86
		Debug|Any CPU = Debug|Any CPU
		Debug|ARM = Debug|ARM
		Debug|iPhone = Debug|iPhone
		Debug|iPhoneSimulator = Debug|iPhoneSimulator
		Debug|Mixed Platforms = Debug|Mixed Platforms
		Debug|x64 = Debug|x64
		Debug|x86 = Debug|x86
		Release|Any CPU = Release|Any CPU
		Release|ARM = Release|ARM
		Release|iPhone = Release|iPhone
		Release|iPhoneSimulator = Release|iPhoneSimulator
		Release|Mixed Platforms = Release|Mixed Platforms
		Release|x64 = Release|x64
		Release|x86 = Release|x86
	EndGlobalSection
	GlobalSection(ProjectConfigurationPlatforms) = postSolution
		{B7B3B28D-7A3A-4850-B07E-6690A75163C8}.Ad-Hoc|Any CPU.ActiveCfg = Release|Any CPU
		{B7B3B28D-7A3A-4850-B07E-6690A75163C8}.Ad-Hoc|Any CPU.Build.0 = Release|Any CPU
		{B7B3B28D-7A3A-4850-B07E-6690A75163C8}.Ad-Hoc|ARM.ActiveCfg = Release|Any CPU
		{B7B3B28D-7A3A-4850-B07E-6690A75163C8}.Ad-Hoc|iPhone.ActiveCfg = Release|Any CPU
		{B7B3B28D-7A3A-4850-B07E-6690A75163C8}.Ad-Hoc|iPhoneSimulator.ActiveCfg = Release|Any CPU
		{B7B3B28D-7A3A-4850-B07E-6690A75163C8}.Ad-Hoc|Mixed Platforms.ActiveCfg = Release|Any CPU
		{B7B3B28D-7A3A-4850-B07E-6690A75163C8}.Ad-Hoc|Mixed Platforms.Build.0 = Release|Any CPU
		{B7B3B28D-7A3A-4850-B07E-6690A75163C8}.Ad-Hoc|x64.ActiveCfg = Release|Any CPU
		{B7B3B28D-7A3A-4850-B07E-6690A75163C8}.Ad-Hoc|x86.ActiveCfg = Release|Any CPU
		{B7B3B28D-7A3A-4850-B07E-6690A75163C8}.AppStore|Any CPU.ActiveCfg = Release|Any CPU
		{B7B3B28D-7A3A-4850-B07E-6690A75163C8}.AppStore|Any CPU.Build.0 = Release|Any CPU
		{B7B3B28D-7A3A-4850-B07E-6690A75163C8}.AppStore|ARM.ActiveCfg = Release|Any CPU
		{B7B3B28D-7A3A-4850-B07E-6690A75163C8}.AppStore|iPhone.ActiveCfg = Release|Any CPU
		{B7B3B28D-7A3A-4850-B07E-6690A75163C8}.AppStore|iPhoneSimulator.ActiveCfg = Release|Any CPU
		{B7B3B28D-7A3A-4850-B07E-6690A75163C8}.AppStore|Mixed Platforms.ActiveCfg = Release|Any CPU
		{B7B3B28D-7A3A-4850-B07E-6690A75163C8}.AppStore|Mixed Platforms.Build.0 = Release|Any CPU
		{B7B3B28D-7A3A-4850-B07E-6690A75163C8}.AppStore|x64.ActiveCfg = Release|Any CPU
		{B7B3B28D-7A3A-4850-B07E-6690A75163C8}.AppStore|x86.ActiveCfg = Release|Any CPU
		{B7B3B28D-7A3A-4850-B07E-6690A75163C8}.Debug|Any CPU.ActiveCfg = Debug|Any CPU
		{B7B3B28D-7A3A-4850-B07E-6690A75163C8}.Debug|Any CPU.Build.0 = Debug|Any CPU
		{B7B3B28D-7A3A-4850-B07E-6690A75163C8}.Debug|ARM.ActiveCfg = Debug|Any CPU
		{B7B3B28D-7A3A-4850-B07E-6690A75163C8}.Debug|iPhone.ActiveCfg = Debug|Any CPU
		{B7B3B28D-7A3A-4850-B07E-6690A75163C8}.Debug|iPhoneSimulator.ActiveCfg = Debug|Any CPU
		{B7B3B28D-7A3A-4850-B07E-6690A75163C8}.Debug|Mixed Platforms.ActiveCfg = Debug|Any CPU
		{B7B3B28D-7A3A-4850-B07E-6690A75163C8}.Debug|Mixed Platforms.Build.0 = Debug|Any CPU
		{B7B3B28D-7A3A-4850-B07E-6690A75163C8}.Debug|x64.ActiveCfg = Debug|Any CPU
		{B7B3B28D-7A3A-4850-B07E-6690A75163C8}.Debug|x86.ActiveCfg = Debug|Any CPU
		{B7B3B28D-7A3A-4850-B07E-6690A75163C8}.Debug|x86.Build.0 = Debug|Any CPU
		{B7B3B28D-7A3A-4850-B07E-6690A75163C8}.Release|Any CPU.ActiveCfg = Release|Any CPU
		{B7B3B28D-7A3A-4850-B07E-6690A75163C8}.Release|Any CPU.Build.0 = Release|Any CPU
		{B7B3B28D-7A3A-4850-B07E-6690A75163C8}.Release|ARM.ActiveCfg = Release|Any CPU
		{B7B3B28D-7A3A-4850-B07E-6690A75163C8}.Release|iPhone.ActiveCfg = Release|Any CPU
		{B7B3B28D-7A3A-4850-B07E-6690A75163C8}.Release|iPhoneSimulator.ActiveCfg = Release|Any CPU
		{B7B3B28D-7A3A-4850-B07E-6690A75163C8}.Release|Mixed Platforms.ActiveCfg = Release|Any CPU
		{B7B3B28D-7A3A-4850-B07E-6690A75163C8}.Release|Mixed Platforms.Build.0 = Release|Any CPU
		{B7B3B28D-7A3A-4850-B07E-6690A75163C8}.Release|x64.ActiveCfg = Release|Any CPU
		{B7B3B28D-7A3A-4850-B07E-6690A75163C8}.Release|x86.ActiveCfg = Release|Any CPU
		{A12FC20A-4780-4F44-AF5D-5389A2C1E95A}.Ad-Hoc|Any CPU.ActiveCfg = Release|Any CPU
		{A12FC20A-4780-4F44-AF5D-5389A2C1E95A}.Ad-Hoc|Any CPU.Build.0 = Release|Any CPU
		{A12FC20A-4780-4F44-AF5D-5389A2C1E95A}.Ad-Hoc|Any CPU.Deploy.0 = Release|Any CPU
		{A12FC20A-4780-4F44-AF5D-5389A2C1E95A}.Ad-Hoc|ARM.ActiveCfg = Release|Any CPU
		{A12FC20A-4780-4F44-AF5D-5389A2C1E95A}.Ad-Hoc|iPhone.ActiveCfg = Release|Any CPU
		{A12FC20A-4780-4F44-AF5D-5389A2C1E95A}.Ad-Hoc|iPhoneSimulator.ActiveCfg = Release|Any CPU
		{A12FC20A-4780-4F44-AF5D-5389A2C1E95A}.Ad-Hoc|Mixed Platforms.ActiveCfg = Release|Any CPU
		{A12FC20A-4780-4F44-AF5D-5389A2C1E95A}.Ad-Hoc|Mixed Platforms.Build.0 = Release|Any CPU
		{A12FC20A-4780-4F44-AF5D-5389A2C1E95A}.Ad-Hoc|Mixed Platforms.Deploy.0 = Release|Any CPU
		{A12FC20A-4780-4F44-AF5D-5389A2C1E95A}.Ad-Hoc|x64.ActiveCfg = Release|Any CPU
		{A12FC20A-4780-4F44-AF5D-5389A2C1E95A}.Ad-Hoc|x86.ActiveCfg = Release|Any CPU
		{A12FC20A-4780-4F44-AF5D-5389A2C1E95A}.AppStore|Any CPU.ActiveCfg = Release|Any CPU
		{A12FC20A-4780-4F44-AF5D-5389A2C1E95A}.AppStore|Any CPU.Build.0 = Release|Any CPU
		{A12FC20A-4780-4F44-AF5D-5389A2C1E95A}.AppStore|Any CPU.Deploy.0 = Release|Any CPU
		{A12FC20A-4780-4F44-AF5D-5389A2C1E95A}.AppStore|ARM.ActiveCfg = Release|Any CPU
		{A12FC20A-4780-4F44-AF5D-5389A2C1E95A}.AppStore|iPhone.ActiveCfg = Release|Any CPU
		{A12FC20A-4780-4F44-AF5D-5389A2C1E95A}.AppStore|iPhoneSimulator.ActiveCfg = Release|Any CPU
		{A12FC20A-4780-4F44-AF5D-5389A2C1E95A}.AppStore|Mixed Platforms.ActiveCfg = Release|Any CPU
		{A12FC20A-4780-4F44-AF5D-5389A2C1E95A}.AppStore|Mixed Platforms.Build.0 = Release|Any CPU
		{A12FC20A-4780-4F44-AF5D-5389A2C1E95A}.AppStore|Mixed Platforms.Deploy.0 = Release|Any CPU
		{A12FC20A-4780-4F44-AF5D-5389A2C1E95A}.AppStore|x64.ActiveCfg = Release|Any CPU
		{A12FC20A-4780-4F44-AF5D-5389A2C1E95A}.AppStore|x86.ActiveCfg = Release|Any CPU
		{A12FC20A-4780-4F44-AF5D-5389A2C1E95A}.Debug|Any CPU.ActiveCfg = Debug|Any CPU
		{A12FC20A-4780-4F44-AF5D-5389A2C1E95A}.Debug|Any CPU.Build.0 = Debug|Any CPU
		{A12FC20A-4780-4F44-AF5D-5389A2C1E95A}.Debug|Any CPU.Deploy.0 = Debug|Any CPU
		{A12FC20A-4780-4F44-AF5D-5389A2C1E95A}.Debug|ARM.ActiveCfg = Debug|Any CPU
		{A12FC20A-4780-4F44-AF5D-5389A2C1E95A}.Debug|iPhone.ActiveCfg = Debug|Any CPU
		{A12FC20A-4780-4F44-AF5D-5389A2C1E95A}.Debug|iPhoneSimulator.ActiveCfg = Debug|Any CPU
		{A12FC20A-4780-4F44-AF5D-5389A2C1E95A}.Debug|Mixed Platforms.ActiveCfg = Debug|Any CPU
		{A12FC20A-4780-4F44-AF5D-5389A2C1E95A}.Debug|Mixed Platforms.Build.0 = Debug|Any CPU
		{A12FC20A-4780-4F44-AF5D-5389A2C1E95A}.Debug|Mixed Platforms.Deploy.0 = Debug|Any CPU
		{A12FC20A-4780-4F44-AF5D-5389A2C1E95A}.Debug|x64.ActiveCfg = Debug|Any CPU
		{A12FC20A-4780-4F44-AF5D-5389A2C1E95A}.Debug|x86.ActiveCfg = Debug|Any CPU
		{A12FC20A-4780-4F44-AF5D-5389A2C1E95A}.Debug|x86.Build.0 = Debug|Any CPU
		{A12FC20A-4780-4F44-AF5D-5389A2C1E95A}.Debug|x86.Deploy.0 = Debug|Any CPU
		{A12FC20A-4780-4F44-AF5D-5389A2C1E95A}.Release|Any CPU.ActiveCfg = Release|Any CPU
		{A12FC20A-4780-4F44-AF5D-5389A2C1E95A}.Release|Any CPU.Build.0 = Release|Any CPU
		{A12FC20A-4780-4F44-AF5D-5389A2C1E95A}.Release|Any CPU.Deploy.0 = Release|Any CPU
		{A12FC20A-4780-4F44-AF5D-5389A2C1E95A}.Release|ARM.ActiveCfg = Release|Any CPU
		{A12FC20A-4780-4F44-AF5D-5389A2C1E95A}.Release|iPhone.ActiveCfg = Release|Any CPU
		{A12FC20A-4780-4F44-AF5D-5389A2C1E95A}.Release|iPhoneSimulator.ActiveCfg = Release|Any CPU
		{A12FC20A-4780-4F44-AF5D-5389A2C1E95A}.Release|Mixed Platforms.ActiveCfg = Release|Any CPU
		{A12FC20A-4780-4F44-AF5D-5389A2C1E95A}.Release|Mixed Platforms.Build.0 = Release|Any CPU
		{A12FC20A-4780-4F44-AF5D-5389A2C1E95A}.Release|Mixed Platforms.Deploy.0 = Release|Any CPU
		{A12FC20A-4780-4F44-AF5D-5389A2C1E95A}.Release|x64.ActiveCfg = Release|Any CPU
		{A12FC20A-4780-4F44-AF5D-5389A2C1E95A}.Release|x86.ActiveCfg = Release|Any CPU
		{FC13F240-BA8B-4CE0-8758-A6D09096E1D1}.Ad-Hoc|Any CPU.ActiveCfg = Release|Any CPU
		{FC13F240-BA8B-4CE0-8758-A6D09096E1D1}.Ad-Hoc|Any CPU.Build.0 = Release|Any CPU
		{FC13F240-BA8B-4CE0-8758-A6D09096E1D1}.Ad-Hoc|ARM.ActiveCfg = Release|Any CPU
		{FC13F240-BA8B-4CE0-8758-A6D09096E1D1}.Ad-Hoc|iPhone.ActiveCfg = Release|Any CPU
		{FC13F240-BA8B-4CE0-8758-A6D09096E1D1}.Ad-Hoc|iPhoneSimulator.ActiveCfg = Release|Any CPU
		{FC13F240-BA8B-4CE0-8758-A6D09096E1D1}.Ad-Hoc|Mixed Platforms.ActiveCfg = Release|Any CPU
		{FC13F240-BA8B-4CE0-8758-A6D09096E1D1}.Ad-Hoc|Mixed Platforms.Build.0 = Release|Any CPU
		{FC13F240-BA8B-4CE0-8758-A6D09096E1D1}.Ad-Hoc|x64.ActiveCfg = Release|Any CPU
		{FC13F240-BA8B-4CE0-8758-A6D09096E1D1}.Ad-Hoc|x86.ActiveCfg = Release|Any CPU
		{FC13F240-BA8B-4CE0-8758-A6D09096E1D1}.AppStore|Any CPU.ActiveCfg = Release|Any CPU
		{FC13F240-BA8B-4CE0-8758-A6D09096E1D1}.AppStore|Any CPU.Build.0 = Release|Any CPU
		{FC13F240-BA8B-4CE0-8758-A6D09096E1D1}.AppStore|ARM.ActiveCfg = Release|Any CPU
		{FC13F240-BA8B-4CE0-8758-A6D09096E1D1}.AppStore|iPhone.ActiveCfg = Release|Any CPU
		{FC13F240-BA8B-4CE0-8758-A6D09096E1D1}.AppStore|iPhoneSimulator.ActiveCfg = Release|Any CPU
		{FC13F240-BA8B-4CE0-8758-A6D09096E1D1}.AppStore|Mixed Platforms.ActiveCfg = Release|Any CPU
		{FC13F240-BA8B-4CE0-8758-A6D09096E1D1}.AppStore|Mixed Platforms.Build.0 = Release|Any CPU
		{FC13F240-BA8B-4CE0-8758-A6D09096E1D1}.AppStore|x64.ActiveCfg = Release|Any CPU
		{FC13F240-BA8B-4CE0-8758-A6D09096E1D1}.AppStore|x86.ActiveCfg = Release|Any CPU
		{FC13F240-BA8B-4CE0-8758-A6D09096E1D1}.Debug|Any CPU.ActiveCfg = Debug|Any CPU
		{FC13F240-BA8B-4CE0-8758-A6D09096E1D1}.Debug|Any CPU.Build.0 = Debug|Any CPU
		{FC13F240-BA8B-4CE0-8758-A6D09096E1D1}.Debug|ARM.ActiveCfg = Debug|Any CPU
		{FC13F240-BA8B-4CE0-8758-A6D09096E1D1}.Debug|iPhone.ActiveCfg = Debug|Any CPU
		{FC13F240-BA8B-4CE0-8758-A6D09096E1D1}.Debug|iPhoneSimulator.ActiveCfg = Debug|Any CPU
		{FC13F240-BA8B-4CE0-8758-A6D09096E1D1}.Debug|Mixed Platforms.ActiveCfg = Debug|Any CPU
		{FC13F240-BA8B-4CE0-8758-A6D09096E1D1}.Debug|Mixed Platforms.Build.0 = Debug|Any CPU
		{FC13F240-BA8B-4CE0-8758-A6D09096E1D1}.Debug|x64.ActiveCfg = Debug|Any CPU
		{FC13F240-BA8B-4CE0-8758-A6D09096E1D1}.Debug|x86.ActiveCfg = Debug|Any CPU
		{FC13F240-BA8B-4CE0-8758-A6D09096E1D1}.Debug|x86.Build.0 = Debug|Any CPU
		{FC13F240-BA8B-4CE0-8758-A6D09096E1D1}.Release|Any CPU.ActiveCfg = Release|Any CPU
		{FC13F240-BA8B-4CE0-8758-A6D09096E1D1}.Release|Any CPU.Build.0 = Release|Any CPU
		{FC13F240-BA8B-4CE0-8758-A6D09096E1D1}.Release|ARM.ActiveCfg = Release|Any CPU
		{FC13F240-BA8B-4CE0-8758-A6D09096E1D1}.Release|iPhone.ActiveCfg = Release|Any CPU
		{FC13F240-BA8B-4CE0-8758-A6D09096E1D1}.Release|iPhoneSimulator.ActiveCfg = Release|Any CPU
		{FC13F240-BA8B-4CE0-8758-A6D09096E1D1}.Release|Mixed Platforms.ActiveCfg = Release|Any CPU
		{FC13F240-BA8B-4CE0-8758-A6D09096E1D1}.Release|Mixed Platforms.Build.0 = Release|Any CPU
		{FC13F240-BA8B-4CE0-8758-A6D09096E1D1}.Release|x64.ActiveCfg = Release|Any CPU
		{FC13F240-BA8B-4CE0-8758-A6D09096E1D1}.Release|x86.ActiveCfg = Release|Any CPU
		{18D498E1-9768-4BE4-9C69-7C12FA4C3480}.Ad-Hoc|Any CPU.ActiveCfg = Release|Any CPU
		{18D498E1-9768-4BE4-9C69-7C12FA4C3480}.Ad-Hoc|Any CPU.Build.0 = Release|Any CPU
		{18D498E1-9768-4BE4-9C69-7C12FA4C3480}.Ad-Hoc|Any CPU.Deploy.0 = Release|Any CPU
		{18D498E1-9768-4BE4-9C69-7C12FA4C3480}.Ad-Hoc|ARM.ActiveCfg = Release|ARM
		{18D498E1-9768-4BE4-9C69-7C12FA4C3480}.Ad-Hoc|ARM.Build.0 = Release|ARM
		{18D498E1-9768-4BE4-9C69-7C12FA4C3480}.Ad-Hoc|ARM.Deploy.0 = Release|ARM
		{18D498E1-9768-4BE4-9C69-7C12FA4C3480}.Ad-Hoc|iPhone.ActiveCfg = Release|Any CPU
		{18D498E1-9768-4BE4-9C69-7C12FA4C3480}.Ad-Hoc|iPhoneSimulator.ActiveCfg = Release|Any CPU
		{18D498E1-9768-4BE4-9C69-7C12FA4C3480}.Ad-Hoc|Mixed Platforms.ActiveCfg = Release|x86
		{18D498E1-9768-4BE4-9C69-7C12FA4C3480}.Ad-Hoc|Mixed Platforms.Build.0 = Release|x86
		{18D498E1-9768-4BE4-9C69-7C12FA4C3480}.Ad-Hoc|Mixed Platforms.Deploy.0 = Release|x86
		{18D498E1-9768-4BE4-9C69-7C12FA4C3480}.Ad-Hoc|x64.ActiveCfg = Release|Any CPU
		{18D498E1-9768-4BE4-9C69-7C12FA4C3480}.Ad-Hoc|x86.ActiveCfg = Release|x86
		{18D498E1-9768-4BE4-9C69-7C12FA4C3480}.Ad-Hoc|x86.Build.0 = Release|x86
		{18D498E1-9768-4BE4-9C69-7C12FA4C3480}.Ad-Hoc|x86.Deploy.0 = Release|x86
		{18D498E1-9768-4BE4-9C69-7C12FA4C3480}.AppStore|Any CPU.ActiveCfg = Release|Any CPU
		{18D498E1-9768-4BE4-9C69-7C12FA4C3480}.AppStore|Any CPU.Build.0 = Release|Any CPU
		{18D498E1-9768-4BE4-9C69-7C12FA4C3480}.AppStore|Any CPU.Deploy.0 = Release|Any CPU
		{18D498E1-9768-4BE4-9C69-7C12FA4C3480}.AppStore|ARM.ActiveCfg = Release|ARM
		{18D498E1-9768-4BE4-9C69-7C12FA4C3480}.AppStore|ARM.Build.0 = Release|ARM
		{18D498E1-9768-4BE4-9C69-7C12FA4C3480}.AppStore|ARM.Deploy.0 = Release|ARM
		{18D498E1-9768-4BE4-9C69-7C12FA4C3480}.AppStore|iPhone.ActiveCfg = Release|Any CPU
		{18D498E1-9768-4BE4-9C69-7C12FA4C3480}.AppStore|iPhoneSimulator.ActiveCfg = Release|Any CPU
		{18D498E1-9768-4BE4-9C69-7C12FA4C3480}.AppStore|Mixed Platforms.ActiveCfg = Release|x86
		{18D498E1-9768-4BE4-9C69-7C12FA4C3480}.AppStore|Mixed Platforms.Build.0 = Release|x86
		{18D498E1-9768-4BE4-9C69-7C12FA4C3480}.AppStore|Mixed Platforms.Deploy.0 = Release|x86
		{18D498E1-9768-4BE4-9C69-7C12FA4C3480}.AppStore|x64.ActiveCfg = Release|Any CPU
		{18D498E1-9768-4BE4-9C69-7C12FA4C3480}.AppStore|x86.ActiveCfg = Release|x86
		{18D498E1-9768-4BE4-9C69-7C12FA4C3480}.AppStore|x86.Build.0 = Release|x86
		{18D498E1-9768-4BE4-9C69-7C12FA4C3480}.AppStore|x86.Deploy.0 = Release|x86
		{18D498E1-9768-4BE4-9C69-7C12FA4C3480}.Debug|Any CPU.ActiveCfg = Debug|Any CPU
		{18D498E1-9768-4BE4-9C69-7C12FA4C3480}.Debug|Any CPU.Build.0 = Debug|Any CPU
		{18D498E1-9768-4BE4-9C69-7C12FA4C3480}.Debug|Any CPU.Deploy.0 = Debug|Any CPU
		{18D498E1-9768-4BE4-9C69-7C12FA4C3480}.Debug|ARM.ActiveCfg = Debug|ARM
		{18D498E1-9768-4BE4-9C69-7C12FA4C3480}.Debug|ARM.Build.0 = Debug|ARM
		{18D498E1-9768-4BE4-9C69-7C12FA4C3480}.Debug|ARM.Deploy.0 = Debug|ARM
		{18D498E1-9768-4BE4-9C69-7C12FA4C3480}.Debug|iPhone.ActiveCfg = Debug|Any CPU
		{18D498E1-9768-4BE4-9C69-7C12FA4C3480}.Debug|iPhoneSimulator.ActiveCfg = Debug|Any CPU
		{18D498E1-9768-4BE4-9C69-7C12FA4C3480}.Debug|Mixed Platforms.ActiveCfg = Debug|x86
		{18D498E1-9768-4BE4-9C69-7C12FA4C3480}.Debug|Mixed Platforms.Build.0 = Debug|x86
		{18D498E1-9768-4BE4-9C69-7C12FA4C3480}.Debug|Mixed Platforms.Deploy.0 = Debug|x86
		{18D498E1-9768-4BE4-9C69-7C12FA4C3480}.Debug|x64.ActiveCfg = Debug|Any CPU
		{18D498E1-9768-4BE4-9C69-7C12FA4C3480}.Debug|x86.ActiveCfg = Debug|x86
		{18D498E1-9768-4BE4-9C69-7C12FA4C3480}.Debug|x86.Build.0 = Debug|x86
		{18D498E1-9768-4BE4-9C69-7C12FA4C3480}.Debug|x86.Deploy.0 = Debug|x86
		{18D498E1-9768-4BE4-9C69-7C12FA4C3480}.Release|Any CPU.ActiveCfg = Release|Any CPU
		{18D498E1-9768-4BE4-9C69-7C12FA4C3480}.Release|Any CPU.Build.0 = Release|Any CPU
		{18D498E1-9768-4BE4-9C69-7C12FA4C3480}.Release|Any CPU.Deploy.0 = Release|Any CPU
		{18D498E1-9768-4BE4-9C69-7C12FA4C3480}.Release|ARM.ActiveCfg = Release|ARM
		{18D498E1-9768-4BE4-9C69-7C12FA4C3480}.Release|ARM.Build.0 = Release|ARM
		{18D498E1-9768-4BE4-9C69-7C12FA4C3480}.Release|ARM.Deploy.0 = Release|ARM
		{18D498E1-9768-4BE4-9C69-7C12FA4C3480}.Release|iPhone.ActiveCfg = Release|Any CPU
		{18D498E1-9768-4BE4-9C69-7C12FA4C3480}.Release|iPhoneSimulator.ActiveCfg = Release|Any CPU
		{18D498E1-9768-4BE4-9C69-7C12FA4C3480}.Release|Mixed Platforms.ActiveCfg = Release|x86
		{18D498E1-9768-4BE4-9C69-7C12FA4C3480}.Release|Mixed Platforms.Build.0 = Release|x86
		{18D498E1-9768-4BE4-9C69-7C12FA4C3480}.Release|Mixed Platforms.Deploy.0 = Release|x86
		{18D498E1-9768-4BE4-9C69-7C12FA4C3480}.Release|x64.ActiveCfg = Release|Any CPU
		{18D498E1-9768-4BE4-9C69-7C12FA4C3480}.Release|x86.ActiveCfg = Release|x86
		{18D498E1-9768-4BE4-9C69-7C12FA4C3480}.Release|x86.Build.0 = Release|x86
		{18D498E1-9768-4BE4-9C69-7C12FA4C3480}.Release|x86.Deploy.0 = Release|x86
		{4BABB6B4-53E6-45B2-9FA3-4E4AFC4E1168}.Ad-Hoc|Any CPU.ActiveCfg = Release|Any CPU
		{4BABB6B4-53E6-45B2-9FA3-4E4AFC4E1168}.Ad-Hoc|Any CPU.Build.0 = Release|Any CPU
		{4BABB6B4-53E6-45B2-9FA3-4E4AFC4E1168}.Ad-Hoc|Any CPU.Deploy.0 = Release|Any CPU
		{4BABB6B4-53E6-45B2-9FA3-4E4AFC4E1168}.Ad-Hoc|ARM.ActiveCfg = Release|ARM
		{4BABB6B4-53E6-45B2-9FA3-4E4AFC4E1168}.Ad-Hoc|ARM.Build.0 = Release|ARM
		{4BABB6B4-53E6-45B2-9FA3-4E4AFC4E1168}.Ad-Hoc|ARM.Deploy.0 = Release|ARM
		{4BABB6B4-53E6-45B2-9FA3-4E4AFC4E1168}.Ad-Hoc|iPhone.ActiveCfg = Release|Any CPU
		{4BABB6B4-53E6-45B2-9FA3-4E4AFC4E1168}.Ad-Hoc|iPhoneSimulator.ActiveCfg = Release|Any CPU
		{4BABB6B4-53E6-45B2-9FA3-4E4AFC4E1168}.Ad-Hoc|Mixed Platforms.ActiveCfg = Release|x86
		{4BABB6B4-53E6-45B2-9FA3-4E4AFC4E1168}.Ad-Hoc|Mixed Platforms.Build.0 = Release|x86
		{4BABB6B4-53E6-45B2-9FA3-4E4AFC4E1168}.Ad-Hoc|Mixed Platforms.Deploy.0 = Release|x86
		{4BABB6B4-53E6-45B2-9FA3-4E4AFC4E1168}.Ad-Hoc|x64.ActiveCfg = Release|x64
		{4BABB6B4-53E6-45B2-9FA3-4E4AFC4E1168}.Ad-Hoc|x64.Build.0 = Release|x64
		{4BABB6B4-53E6-45B2-9FA3-4E4AFC4E1168}.Ad-Hoc|x64.Deploy.0 = Release|x64
		{4BABB6B4-53E6-45B2-9FA3-4E4AFC4E1168}.Ad-Hoc|x86.ActiveCfg = Release|x86
		{4BABB6B4-53E6-45B2-9FA3-4E4AFC4E1168}.Ad-Hoc|x86.Build.0 = Release|x86
		{4BABB6B4-53E6-45B2-9FA3-4E4AFC4E1168}.Ad-Hoc|x86.Deploy.0 = Release|x86
		{4BABB6B4-53E6-45B2-9FA3-4E4AFC4E1168}.AppStore|Any CPU.ActiveCfg = Release|Any CPU
		{4BABB6B4-53E6-45B2-9FA3-4E4AFC4E1168}.AppStore|Any CPU.Build.0 = Release|Any CPU
		{4BABB6B4-53E6-45B2-9FA3-4E4AFC4E1168}.AppStore|Any CPU.Deploy.0 = Release|Any CPU
		{4BABB6B4-53E6-45B2-9FA3-4E4AFC4E1168}.AppStore|ARM.ActiveCfg = Release|ARM
		{4BABB6B4-53E6-45B2-9FA3-4E4AFC4E1168}.AppStore|ARM.Build.0 = Release|ARM
		{4BABB6B4-53E6-45B2-9FA3-4E4AFC4E1168}.AppStore|ARM.Deploy.0 = Release|ARM
		{4BABB6B4-53E6-45B2-9FA3-4E4AFC4E1168}.AppStore|iPhone.ActiveCfg = Release|Any CPU
		{4BABB6B4-53E6-45B2-9FA3-4E4AFC4E1168}.AppStore|iPhoneSimulator.ActiveCfg = Release|Any CPU
		{4BABB6B4-53E6-45B2-9FA3-4E4AFC4E1168}.AppStore|Mixed Platforms.ActiveCfg = Release|x86
		{4BABB6B4-53E6-45B2-9FA3-4E4AFC4E1168}.AppStore|Mixed Platforms.Build.0 = Release|x86
		{4BABB6B4-53E6-45B2-9FA3-4E4AFC4E1168}.AppStore|Mixed Platforms.Deploy.0 = Release|x86
		{4BABB6B4-53E6-45B2-9FA3-4E4AFC4E1168}.AppStore|x64.ActiveCfg = Release|x64
		{4BABB6B4-53E6-45B2-9FA3-4E4AFC4E1168}.AppStore|x64.Build.0 = Release|x64
		{4BABB6B4-53E6-45B2-9FA3-4E4AFC4E1168}.AppStore|x64.Deploy.0 = Release|x64
		{4BABB6B4-53E6-45B2-9FA3-4E4AFC4E1168}.AppStore|x86.ActiveCfg = Release|x86
		{4BABB6B4-53E6-45B2-9FA3-4E4AFC4E1168}.AppStore|x86.Build.0 = Release|x86
		{4BABB6B4-53E6-45B2-9FA3-4E4AFC4E1168}.AppStore|x86.Deploy.0 = Release|x86
		{4BABB6B4-53E6-45B2-9FA3-4E4AFC4E1168}.Debug|Any CPU.ActiveCfg = Debug|Any CPU
		{4BABB6B4-53E6-45B2-9FA3-4E4AFC4E1168}.Debug|Any CPU.Build.0 = Debug|Any CPU
		{4BABB6B4-53E6-45B2-9FA3-4E4AFC4E1168}.Debug|Any CPU.Deploy.0 = Debug|Any CPU
		{4BABB6B4-53E6-45B2-9FA3-4E4AFC4E1168}.Debug|ARM.ActiveCfg = Debug|ARM
		{4BABB6B4-53E6-45B2-9FA3-4E4AFC4E1168}.Debug|ARM.Build.0 = Debug|ARM
		{4BABB6B4-53E6-45B2-9FA3-4E4AFC4E1168}.Debug|ARM.Deploy.0 = Debug|ARM
		{4BABB6B4-53E6-45B2-9FA3-4E4AFC4E1168}.Debug|iPhone.ActiveCfg = Debug|Any CPU
		{4BABB6B4-53E6-45B2-9FA3-4E4AFC4E1168}.Debug|iPhoneSimulator.ActiveCfg = Debug|Any CPU
		{4BABB6B4-53E6-45B2-9FA3-4E4AFC4E1168}.Debug|Mixed Platforms.ActiveCfg = Debug|x86
		{4BABB6B4-53E6-45B2-9FA3-4E4AFC4E1168}.Debug|Mixed Platforms.Build.0 = Debug|x86
		{4BABB6B4-53E6-45B2-9FA3-4E4AFC4E1168}.Debug|Mixed Platforms.Deploy.0 = Debug|x86
		{4BABB6B4-53E6-45B2-9FA3-4E4AFC4E1168}.Debug|x64.ActiveCfg = Debug|x64
		{4BABB6B4-53E6-45B2-9FA3-4E4AFC4E1168}.Debug|x64.Build.0 = Debug|x64
		{4BABB6B4-53E6-45B2-9FA3-4E4AFC4E1168}.Debug|x64.Deploy.0 = Debug|x64
		{4BABB6B4-53E6-45B2-9FA3-4E4AFC4E1168}.Debug|x86.ActiveCfg = Debug|x86
		{4BABB6B4-53E6-45B2-9FA3-4E4AFC4E1168}.Debug|x86.Build.0 = Debug|x86
		{4BABB6B4-53E6-45B2-9FA3-4E4AFC4E1168}.Debug|x86.Deploy.0 = Debug|x86
		{4BABB6B4-53E6-45B2-9FA3-4E4AFC4E1168}.Release|Any CPU.ActiveCfg = Release|Any CPU
		{4BABB6B4-53E6-45B2-9FA3-4E4AFC4E1168}.Release|Any CPU.Build.0 = Release|Any CPU
		{4BABB6B4-53E6-45B2-9FA3-4E4AFC4E1168}.Release|Any CPU.Deploy.0 = Release|Any CPU
		{4BABB6B4-53E6-45B2-9FA3-4E4AFC4E1168}.Release|ARM.ActiveCfg = Release|ARM
		{4BABB6B4-53E6-45B2-9FA3-4E4AFC4E1168}.Release|ARM.Build.0 = Release|ARM
		{4BABB6B4-53E6-45B2-9FA3-4E4AFC4E1168}.Release|ARM.Deploy.0 = Release|ARM
		{4BABB6B4-53E6-45B2-9FA3-4E4AFC4E1168}.Release|iPhone.ActiveCfg = Release|Any CPU
		{4BABB6B4-53E6-45B2-9FA3-4E4AFC4E1168}.Release|iPhoneSimulator.ActiveCfg = Release|Any CPU
		{4BABB6B4-53E6-45B2-9FA3-4E4AFC4E1168}.Release|Mixed Platforms.ActiveCfg = Release|x86
		{4BABB6B4-53E6-45B2-9FA3-4E4AFC4E1168}.Release|Mixed Platforms.Build.0 = Release|x86
		{4BABB6B4-53E6-45B2-9FA3-4E4AFC4E1168}.Release|Mixed Platforms.Deploy.0 = Release|x86
		{4BABB6B4-53E6-45B2-9FA3-4E4AFC4E1168}.Release|x64.ActiveCfg = Release|x64
		{4BABB6B4-53E6-45B2-9FA3-4E4AFC4E1168}.Release|x64.Build.0 = Release|x64
		{4BABB6B4-53E6-45B2-9FA3-4E4AFC4E1168}.Release|x64.Deploy.0 = Release|x64
		{4BABB6B4-53E6-45B2-9FA3-4E4AFC4E1168}.Release|x86.ActiveCfg = Release|x86
		{4BABB6B4-53E6-45B2-9FA3-4E4AFC4E1168}.Release|x86.Build.0 = Release|x86
		{4BABB6B4-53E6-45B2-9FA3-4E4AFC4E1168}.Release|x86.Deploy.0 = Release|x86
		{AB05AD4A-1592-48A7-AC30-0A35A77A65D3}.Ad-Hoc|Any CPU.ActiveCfg = Ad-Hoc|iPhone
		{AB05AD4A-1592-48A7-AC30-0A35A77A65D3}.Ad-Hoc|ARM.ActiveCfg = Ad-Hoc|iPhone
		{AB05AD4A-1592-48A7-AC30-0A35A77A65D3}.Ad-Hoc|iPhone.ActiveCfg = Ad-Hoc|iPhone
		{AB05AD4A-1592-48A7-AC30-0A35A77A65D3}.Ad-Hoc|iPhone.Build.0 = Ad-Hoc|iPhone
		{AB05AD4A-1592-48A7-AC30-0A35A77A65D3}.Ad-Hoc|iPhone.Deploy.0 = Ad-Hoc|iPhone
		{AB05AD4A-1592-48A7-AC30-0A35A77A65D3}.Ad-Hoc|iPhoneSimulator.ActiveCfg = Ad-Hoc|iPhoneSimulator
		{AB05AD4A-1592-48A7-AC30-0A35A77A65D3}.Ad-Hoc|iPhoneSimulator.Build.0 = Ad-Hoc|iPhoneSimulator
		{AB05AD4A-1592-48A7-AC30-0A35A77A65D3}.Ad-Hoc|iPhoneSimulator.Deploy.0 = Ad-Hoc|iPhoneSimulator
		{AB05AD4A-1592-48A7-AC30-0A35A77A65D3}.Ad-Hoc|Mixed Platforms.ActiveCfg = Ad-Hoc|iPhone
		{AB05AD4A-1592-48A7-AC30-0A35A77A65D3}.Ad-Hoc|Mixed Platforms.Build.0 = Ad-Hoc|iPhone
		{AB05AD4A-1592-48A7-AC30-0A35A77A65D3}.Ad-Hoc|Mixed Platforms.Deploy.0 = Ad-Hoc|iPhone
		{AB05AD4A-1592-48A7-AC30-0A35A77A65D3}.Ad-Hoc|x64.ActiveCfg = Ad-Hoc|iPhone
		{AB05AD4A-1592-48A7-AC30-0A35A77A65D3}.Ad-Hoc|x86.ActiveCfg = Ad-Hoc|iPhone
		{AB05AD4A-1592-48A7-AC30-0A35A77A65D3}.AppStore|Any CPU.ActiveCfg = AppStore|iPhone
		{AB05AD4A-1592-48A7-AC30-0A35A77A65D3}.AppStore|ARM.ActiveCfg = AppStore|iPhone
		{AB05AD4A-1592-48A7-AC30-0A35A77A65D3}.AppStore|iPhone.ActiveCfg = AppStore|iPhone
		{AB05AD4A-1592-48A7-AC30-0A35A77A65D3}.AppStore|iPhone.Build.0 = AppStore|iPhone
		{AB05AD4A-1592-48A7-AC30-0A35A77A65D3}.AppStore|iPhone.Deploy.0 = AppStore|iPhone
		{AB05AD4A-1592-48A7-AC30-0A35A77A65D3}.AppStore|iPhoneSimulator.ActiveCfg = AppStore|iPhoneSimulator
		{AB05AD4A-1592-48A7-AC30-0A35A77A65D3}.AppStore|iPhoneSimulator.Build.0 = AppStore|iPhoneSimulator
		{AB05AD4A-1592-48A7-AC30-0A35A77A65D3}.AppStore|iPhoneSimulator.Deploy.0 = AppStore|iPhoneSimulator
		{AB05AD4A-1592-48A7-AC30-0A35A77A65D3}.AppStore|Mixed Platforms.ActiveCfg = AppStore|iPhone
		{AB05AD4A-1592-48A7-AC30-0A35A77A65D3}.AppStore|Mixed Platforms.Build.0 = AppStore|iPhone
		{AB05AD4A-1592-48A7-AC30-0A35A77A65D3}.AppStore|Mixed Platforms.Deploy.0 = AppStore|iPhone
		{AB05AD4A-1592-48A7-AC30-0A35A77A65D3}.AppStore|x64.ActiveCfg = AppStore|iPhone
		{AB05AD4A-1592-48A7-AC30-0A35A77A65D3}.AppStore|x86.ActiveCfg = AppStore|iPhone
		{AB05AD4A-1592-48A7-AC30-0A35A77A65D3}.Debug|Any CPU.ActiveCfg = Debug|iPhone
		{AB05AD4A-1592-48A7-AC30-0A35A77A65D3}.Debug|ARM.ActiveCfg = Debug|iPhone
		{AB05AD4A-1592-48A7-AC30-0A35A77A65D3}.Debug|iPhone.ActiveCfg = Debug|iPhone
		{AB05AD4A-1592-48A7-AC30-0A35A77A65D3}.Debug|iPhone.Build.0 = Debug|iPhone
		{AB05AD4A-1592-48A7-AC30-0A35A77A65D3}.Debug|iPhone.Deploy.0 = Debug|iPhone
		{AB05AD4A-1592-48A7-AC30-0A35A77A65D3}.Debug|iPhoneSimulator.ActiveCfg = Debug|iPhoneSimulator
		{AB05AD4A-1592-48A7-AC30-0A35A77A65D3}.Debug|iPhoneSimulator.Build.0 = Debug|iPhoneSimulator
		{AB05AD4A-1592-48A7-AC30-0A35A77A65D3}.Debug|iPhoneSimulator.Deploy.0 = Debug|iPhoneSimulator
		{AB05AD4A-1592-48A7-AC30-0A35A77A65D3}.Debug|Mixed Platforms.ActiveCfg = Debug|iPhone
		{AB05AD4A-1592-48A7-AC30-0A35A77A65D3}.Debug|Mixed Platforms.Build.0 = Debug|iPhone
		{AB05AD4A-1592-48A7-AC30-0A35A77A65D3}.Debug|Mixed Platforms.Deploy.0 = Debug|iPhone
		{AB05AD4A-1592-48A7-AC30-0A35A77A65D3}.Debug|x64.ActiveCfg = Debug|iPhone
		{AB05AD4A-1592-48A7-AC30-0A35A77A65D3}.Debug|x86.ActiveCfg = Debug|iPhone
		{AB05AD4A-1592-48A7-AC30-0A35A77A65D3}.Debug|x86.Build.0 = Debug|iPhone
		{AB05AD4A-1592-48A7-AC30-0A35A77A65D3}.Release|Any CPU.ActiveCfg = Release|iPhone
		{AB05AD4A-1592-48A7-AC30-0A35A77A65D3}.Release|ARM.ActiveCfg = Release|iPhone
		{AB05AD4A-1592-48A7-AC30-0A35A77A65D3}.Release|iPhone.ActiveCfg = Release|iPhone
		{AB05AD4A-1592-48A7-AC30-0A35A77A65D3}.Release|iPhone.Build.0 = Release|iPhone
		{AB05AD4A-1592-48A7-AC30-0A35A77A65D3}.Release|iPhone.Deploy.0 = Release|iPhone
		{AB05AD4A-1592-48A7-AC30-0A35A77A65D3}.Release|iPhoneSimulator.ActiveCfg = Release|iPhoneSimulator
		{AB05AD4A-1592-48A7-AC30-0A35A77A65D3}.Release|iPhoneSimulator.Build.0 = Release|iPhoneSimulator
		{AB05AD4A-1592-48A7-AC30-0A35A77A65D3}.Release|iPhoneSimulator.Deploy.0 = Release|iPhoneSimulator
		{AB05AD4A-1592-48A7-AC30-0A35A77A65D3}.Release|Mixed Platforms.ActiveCfg = Release|iPhone
		{AB05AD4A-1592-48A7-AC30-0A35A77A65D3}.Release|Mixed Platforms.Build.0 = Release|iPhone
		{AB05AD4A-1592-48A7-AC30-0A35A77A65D3}.Release|Mixed Platforms.Deploy.0 = Release|iPhone
		{AB05AD4A-1592-48A7-AC30-0A35A77A65D3}.Release|x64.ActiveCfg = Release|iPhone
		{AB05AD4A-1592-48A7-AC30-0A35A77A65D3}.Release|x86.ActiveCfg = Release|iPhone
	EndGlobalSection
	GlobalSection(SolutionProperties) = preSolution
		HideSolutionNode = FALSE
	EndGlobalSection
EndGlobal
