
Microsoft Visual Studio Solution File, Format Version 12.00
# Visual Studio 2012
Project("{BBD0F5D1-1CC4-42FD-BA4C-A96779C64378}") = "DataClassFactory", "DataClassFactory.synproj", "{BA076533-CFCE-4BFE-B50C-0D28FA63C7A7}"
EndProject
Global
	GlobalSection(SolutionConfigurationPlatforms) = preSolution
		Debug|Any CPU = Debug|Any CPU
		Release|Any CPU = Release|Any CPU
	EndGlobalSection
	GlobalSection(ProjectConfigurationPlatforms) = postSolution
		{BA076533-CFCE-4BFE-B50C-0D28FA63C7A7}.Debug|Any CPU.ActiveCfg = Debug|Any CPU
		{BA076533-CFCE-4BFE-B50C-0D28FA63C7A7}.Debug|Any CPU.Build.0 = Debug|Any CPU
		{BA076533-CFCE-4BFE-B50C-0D28FA63C7A7}.Release|Any CPU.ActiveCfg = Release|Any CPU
		{BA076533-CFCE-4BFE-B50C-0D28FA63C7A7}.Release|Any CPU.Build.0 = Release|Any CPU
	EndGlobalSection
	GlobalSection(SolutionProperties) = preSolution
		HideSolutionNode = FALSE
	EndGlobalSection
EndGlobal
