
Microsoft Visual Studio Solution File, Format Version 12.00
# Visual Studio 2012
Project("{BBD0F5D1-1CC4-42FD-BA4C-A96779C64378}") = "SynNetAspProviders", "SynNetAspProviders\SynNetAspProviders.synproj", "{89021E60-8456-46B3-AD14-56D421006824}"
EndProject
Global
	GlobalSection(SolutionConfigurationPlatforms) = preSolution
		Debug|Any CPU = Debug|Any CPU
		Release|Any CPU = Release|Any CPU
	EndGlobalSection
	GlobalSection(ProjectConfigurationPlatforms) = postSolution
		{89021E60-8456-46B3-AD14-56D421006824}.Debug|Any CPU.ActiveCfg = Debug|Any CPU
		{89021E60-8456-46B3-AD14-56D421006824}.Debug|Any CPU.Build.0 = Debug|Any CPU
		{89021E60-8456-46B3-AD14-56D421006824}.Release|Any CPU.ActiveCfg = Release|Any CPU
		{89021E60-8456-46B3-AD14-56D421006824}.Release|Any CPU.Build.0 = Release|Any CPU
	EndGlobalSection
	GlobalSection(SolutionProperties) = preSolution
		HideSolutionNode = FALSE
	EndGlobalSection
EndGlobal
