
Microsoft Visual Studio Solution File, Format Version 12.00
# Visual Studio 2012
Project("{FAE04EC0-301F-11D3-BF4B-00C04F79EFBC}") = "CommandActionDemo", "CommandActionDemo.csproj", "{DCC0D84D-C708-4BC2-A9B2-1E08E5152ADF}"
EndProject
Global
	GlobalSection(SolutionConfigurationPlatforms) = preSolution
		Debug|Any CPU = Debug|Any CPU
		Release|Any CPU = Release|Any CPU
	EndGlobalSection
	GlobalSection(ProjectConfigurationPlatforms) = postSolution
		{DCC0D84D-C708-4BC2-A9B2-1E08E5152ADF}.Debug|Any CPU.ActiveCfg = Debug|Any CPU
		{DCC0D84D-C708-4BC2-A9B2-1E08E5152ADF}.Debug|Any CPU.Build.0 = Debug|Any CPU
		{DCC0D84D-C708-4BC2-A9B2-1E08E5152ADF}.Release|Any CPU.ActiveCfg = Release|Any CPU
		{DCC0D84D-C708-4BC2-A9B2-1E08E5152ADF}.Release|Any CPU.Build.0 = Release|Any CPU
	EndGlobalSection
	GlobalSection(SolutionProperties) = preSolution
		HideSolutionNode = FALSE
	EndGlobalSection
EndGlobal
