
Microsoft Visual Studio Solution File, Format Version 11.00
# Visual Studio 2010
Project("{BBD0F5D1-1CC4-42FD-BA4C-A96779C64378}") = "DecimalRegexTest", "DecimalRegexTest.synproj", "{2115A569-F025-4F4B-B72E-CDC5E0D7689C}"
EndProject
Global
	GlobalSection(SolutionConfigurationPlatforms) = preSolution
		Debug|Any CPU = Debug|Any CPU
		Release|Any CPU = Release|Any CPU
	EndGlobalSection
	GlobalSection(ProjectConfigurationPlatforms) = postSolution
		{2115A569-F025-4F4B-B72E-CDC5E0D7689C}.Debug|Any CPU.ActiveCfg = Debug|Any CPU
		{2115A569-F025-4F4B-B72E-CDC5E0D7689C}.Debug|Any CPU.Build.0 = Debug|Any CPU
		{2115A569-F025-4F4B-B72E-CDC5E0D7689C}.Release|Any CPU.ActiveCfg = Release|Any CPU
		{2115A569-F025-4F4B-B72E-CDC5E0D7689C}.Release|Any CPU.Build.0 = Release|Any CPU
	EndGlobalSection
	GlobalSection(SolutionProperties) = preSolution
		HideSolutionNode = FALSE
	EndGlobalSection
EndGlobal
