
Microsoft Visual Studio Solution File, Format Version 12.00
# Visual Studio 2012
Project("{FAE04EC0-301F-11D3-BF4B-00C04F79EFBC}") = "InheritControls", "InheritControls.csproj", "{F920905B-5BFB-4585-80CB-68B99C562CEC}"
EndProject
Project("{FAE04EC0-301F-11D3-BF4B-00C04F79EFBC}") = "ControlLibrary", "ControlLibrary\ControlLibrary.csproj", "{21E1659F-262C-4ED4-8B21-0FB0CCCB0A9E}"
EndProject
Global
	GlobalSection(SolutionConfigurationPlatforms) = preSolution
		Debug|Any CPU = Debug|Any CPU
		Release|Any CPU = Release|Any CPU
	EndGlobalSection
	GlobalSection(ProjectConfigurationPlatforms) = postSolution
		{F920905B-5BFB-4585-80CB-68B99C562CEC}.Debug|Any CPU.ActiveCfg = Debug|Any CPU
		{F920905B-5BFB-4585-80CB-68B99C562CEC}.Debug|Any CPU.Build.0 = Debug|Any CPU
		{F920905B-5BFB-4585-80CB-68B99C562CEC}.Release|Any CPU.ActiveCfg = Release|Any CPU
		{F920905B-5BFB-4585-80CB-68B99C562CEC}.Release|Any CPU.Build.0 = Release|Any CPU
		{21E1659F-262C-4ED4-8B21-0FB0CCCB0A9E}.Debug|Any CPU.ActiveCfg = Debug|Any CPU
		{21E1659F-262C-4ED4-8B21-0FB0CCCB0A9E}.Debug|Any CPU.Build.0 = Debug|Any CPU
		{21E1659F-262C-4ED4-8B21-0FB0CCCB0A9E}.Release|Any CPU.ActiveCfg = Release|Any CPU
		{21E1659F-262C-4ED4-8B21-0FB0CCCB0A9E}.Release|Any CPU.Build.0 = Release|Any CPU
	EndGlobalSection
	GlobalSection(SolutionProperties) = preSolution
		HideSolutionNode = FALSE
	EndGlobalSection
EndGlobal
