
Microsoft Visual Studio Solution File, Format Version 12.00
# Visual Studio 2012
Project("{F184B08F-C81C-45F6-A57F-5ABD9991F28F}") = "CommunityClient", "CommunityClient.vbproj", "{33814E0D-0B52-4783-9003-1E3E7217D57B}"
EndProject
Global
	GlobalSection(SolutionConfigurationPlatforms) = preSolution
		Debug|Any CPU = Debug|Any CPU
		Release|Any CPU = Release|Any CPU
	EndGlobalSection
	GlobalSection(ProjectConfigurationPlatforms) = postSolution
		{33814E0D-0B52-4783-9003-1E3E7217D57B}.Debug|Any CPU.ActiveCfg = Debug|Any CPU
		{33814E0D-0B52-4783-9003-1E3E7217D57B}.Debug|Any CPU.Build.0 = Debug|Any CPU
		{33814E0D-0B52-4783-9003-1E3E7217D57B}.Release|Any CPU.ActiveCfg = Release|Any CPU
		{33814E0D-0B52-4783-9003-1E3E7217D57B}.Release|Any CPU.Build.0 = Release|Any CPU
	EndGlobalSection
	GlobalSection(SolutionProperties) = preSolution
		HideSolutionNode = FALSE
	EndGlobalSection
EndGlobal
