
Microsoft Visual Studio Solution File, Format Version 12.00
# Visual Studio 2012
Project("{FAE04EC0-301F-11D3-BF4B-00C04F79EFBC}") = "WcfRestWebHost", "WcfRestWebHost\WcfRestWebHost.csproj", "{88B28215-24DB-4A30-8DC2-8B52603D1B56}"
EndProject
Project("{BBD0F5D1-1CC4-42FD-BA4C-A96779C64378}") = "WcfRestService", "WcfRestService\WcfRestService.synproj", "{D7C029CC-BEDC-40D6-B6F1-7608C61CD446}"
EndProject
Project("{BBD0F5D1-1CC4-42FD-BA4C-A96779C64378}") = "DataContracts", "DataContracts\DataContracts.synproj", "{ABA2D2F9-7B80-4714-BAAA-6BA5B0C467F4}"
EndProject
Project("{BBD0F5D1-1CC4-42FD-BA4C-A96779C64378}") = "ClientApp_SN", "ClientApp_SN\ClientApp_SN.synproj", "{944AA66A-2D18-4FA3-9E34-3C8CA9767BB9}"
EndProject
Project("{BBD0F5D1-1CC4-42FD-BA4C-A96779C64378}") = "WcfRestDynamicResponse", "WcfRestDynamicResponse\WcfRestDynamicResponse.synproj", "{BE3BA8A5-CEBC-4B5D-BD9B-F51B287088EC}"
EndProject
Global
	GlobalSection(SolutionConfigurationPlatforms) = preSolution
		Debug|Any CPU = Debug|Any CPU
		Debug|Mixed Platforms = Debug|Mixed Platforms
		Debug|x86 = Debug|x86
		Release|Any CPU = Release|Any CPU
		Release|Mixed Platforms = Release|Mixed Platforms
		Release|x86 = Release|x86
	EndGlobalSection
	GlobalSection(ProjectConfigurationPlatforms) = postSolution
		{88B28215-24DB-4A30-8DC2-8B52603D1B56}.Debug|Any CPU.ActiveCfg = Debug|Any CPU
		{88B28215-24DB-4A30-8DC2-8B52603D1B56}.Debug|Any CPU.Build.0 = Debug|Any CPU
		{88B28215-24DB-4A30-8DC2-8B52603D1B56}.Debug|Mixed Platforms.ActiveCfg = Debug|Any CPU
		{88B28215-24DB-4A30-8DC2-8B52603D1B56}.Debug|Mixed Platforms.Build.0 = Debug|Any CPU
		{88B28215-24DB-4A30-8DC2-8B52603D1B56}.Debug|x86.ActiveCfg = Debug|Any CPU
		{88B28215-24DB-4A30-8DC2-8B52603D1B56}.Release|Any CPU.ActiveCfg = Release|Any CPU
		{88B28215-24DB-4A30-8DC2-8B52603D1B56}.Release|Any CPU.Build.0 = Release|Any CPU
		{88B28215-24DB-4A30-8DC2-8B52603D1B56}.Release|Mixed Platforms.ActiveCfg = Release|Any CPU
		{88B28215-24DB-4A30-8DC2-8B52603D1B56}.Release|Mixed Platforms.Build.0 = Release|Any CPU
		{88B28215-24DB-4A30-8DC2-8B52603D1B56}.Release|x86.ActiveCfg = Release|Any CPU
		{D7C029CC-BEDC-40D6-B6F1-7608C61CD446}.Debug|Any CPU.ActiveCfg = Debug|Any CPU
		{D7C029CC-BEDC-40D6-B6F1-7608C61CD446}.Debug|Any CPU.Build.0 = Debug|Any CPU
		{D7C029CC-BEDC-40D6-B6F1-7608C61CD446}.Debug|Mixed Platforms.ActiveCfg = Debug|Any CPU
		{D7C029CC-BEDC-40D6-B6F1-7608C61CD446}.Debug|Mixed Platforms.Build.0 = Debug|Any CPU
		{D7C029CC-BEDC-40D6-B6F1-7608C61CD446}.Debug|x86.ActiveCfg = Debug|Any CPU
		{D7C029CC-BEDC-40D6-B6F1-7608C61CD446}.Release|Any CPU.ActiveCfg = Release|Any CPU
		{D7C029CC-BEDC-40D6-B6F1-7608C61CD446}.Release|Any CPU.Build.0 = Release|Any CPU
		{D7C029CC-BEDC-40D6-B6F1-7608C61CD446}.Release|Mixed Platforms.ActiveCfg = Release|Any CPU
		{D7C029CC-BEDC-40D6-B6F1-7608C61CD446}.Release|Mixed Platforms.Build.0 = Release|Any CPU
		{D7C029CC-BEDC-40D6-B6F1-7608C61CD446}.Release|x86.ActiveCfg = Release|Any CPU
		{ABA2D2F9-7B80-4714-BAAA-6BA5B0C467F4}.Debug|Any CPU.ActiveCfg = Debug|Any CPU
		{ABA2D2F9-7B80-4714-BAAA-6BA5B0C467F4}.Debug|Any CPU.Build.0 = Debug|Any CPU
		{ABA2D2F9-7B80-4714-BAAA-6BA5B0C467F4}.Debug|Mixed Platforms.ActiveCfg = Debug|Any CPU
		{ABA2D2F9-7B80-4714-BAAA-6BA5B0C467F4}.Debug|Mixed Platforms.Build.0 = Debug|Any CPU
		{ABA2D2F9-7B80-4714-BAAA-6BA5B0C467F4}.Debug|x86.ActiveCfg = Debug|Any CPU
		{ABA2D2F9-7B80-4714-BAAA-6BA5B0C467F4}.Release|Any CPU.ActiveCfg = Release|Any CPU
		{ABA2D2F9-7B80-4714-BAAA-6BA5B0C467F4}.Release|Any CPU.Build.0 = Release|Any CPU
		{ABA2D2F9-7B80-4714-BAAA-6BA5B0C467F4}.Release|Mixed Platforms.ActiveCfg = Release|Any CPU
		{ABA2D2F9-7B80-4714-BAAA-6BA5B0C467F4}.Release|Mixed Platforms.Build.0 = Release|Any CPU
		{ABA2D2F9-7B80-4714-BAAA-6BA5B0C467F4}.Release|x86.ActiveCfg = Release|Any CPU
		{944AA66A-2D18-4FA3-9E34-3C8CA9767BB9}.Debug|Any CPU.ActiveCfg = Debug|Any CPU
		{944AA66A-2D18-4FA3-9E34-3C8CA9767BB9}.Debug|Any CPU.Build.0 = Debug|Any CPU
		{944AA66A-2D18-4FA3-9E34-3C8CA9767BB9}.Debug|Mixed Platforms.ActiveCfg = Debug|Any CPU
		{944AA66A-2D18-4FA3-9E34-3C8CA9767BB9}.Debug|Mixed Platforms.Build.0 = Debug|Any CPU
		{944AA66A-2D18-4FA3-9E34-3C8CA9767BB9}.Debug|x86.ActiveCfg = Debug|Any CPU
		{944AA66A-2D18-4FA3-9E34-3C8CA9767BB9}.Release|Any CPU.ActiveCfg = Release|Any CPU
		{944AA66A-2D18-4FA3-9E34-3C8CA9767BB9}.Release|Any CPU.Build.0 = Release|Any CPU
		{944AA66A-2D18-4FA3-9E34-3C8CA9767BB9}.Release|Mixed Platforms.ActiveCfg = Release|Any CPU
		{944AA66A-2D18-4FA3-9E34-3C8CA9767BB9}.Release|Mixed Platforms.Build.0 = Release|Any CPU
		{944AA66A-2D18-4FA3-9E34-3C8CA9767BB9}.Release|x86.ActiveCfg = Release|Any CPU
		{BE3BA8A5-CEBC-4B5D-BD9B-F51B287088EC}.Debug|Any CPU.ActiveCfg = Debug|Any CPU
		{BE3BA8A5-CEBC-4B5D-BD9B-F51B287088EC}.Debug|Any CPU.Build.0 = Debug|Any CPU
		{BE3BA8A5-CEBC-4B5D-BD9B-F51B287088EC}.Debug|Mixed Platforms.ActiveCfg = Debug|Any CPU
		{BE3BA8A5-CEBC-4B5D-BD9B-F51B287088EC}.Debug|Mixed Platforms.Build.0 = Debug|Any CPU
		{BE3BA8A5-CEBC-4B5D-BD9B-F51B287088EC}.Debug|x86.ActiveCfg = Debug|Any CPU
		{BE3BA8A5-CEBC-4B5D-BD9B-F51B287088EC}.Release|Any CPU.ActiveCfg = Release|Any CPU
		{BE3BA8A5-CEBC-4B5D-BD9B-F51B287088EC}.Release|Any CPU.Build.0 = Release|Any CPU
		{BE3BA8A5-CEBC-4B5D-BD9B-F51B287088EC}.Release|Mixed Platforms.ActiveCfg = Release|Any CPU
		{BE3BA8A5-CEBC-4B5D-BD9B-F51B287088EC}.Release|Mixed Platforms.Build.0 = Release|Any CPU
		{BE3BA8A5-CEBC-4B5D-BD9B-F51B287088EC}.Release|x86.ActiveCfg = Release|Any CPU
	EndGlobalSection
	GlobalSection(SolutionProperties) = preSolution
		HideSolutionNode = FALSE
	EndGlobalSection
EndGlobal
