
Microsoft Visual Studio Solution File, Format Version 12.00
# Visual Studio 2012
Project("{F184B08F-C81C-45F6-A57F-5ABD9991F28F}") = "CommandLineParse", "Parser\CommandLineParse.vbproj", "{0750FD5C-105A-474E-AB36-CA98DC1FA2E4}"
EndProject
Project("{F184B08F-C81C-45F6-A57F-5ABD9991F28F}") = "CommandLineParserTest.vb", "Test\CommandLineParserTest.vb.vbproj", "{72A70465-E4FE-4F29-933E-FDEF17AAF0A2}"
EndProject
Global
	GlobalSection(SolutionConfigurationPlatforms) = preSolution
		Debug|Any CPU = Debug|Any CPU
		Release|Any CPU = Release|Any CPU
	EndGlobalSection
	GlobalSection(ProjectConfigurationPlatforms) = postSolution
		{0750FD5C-105A-474E-AB36-CA98DC1FA2E4}.Debug|Any CPU.ActiveCfg = Debug|Any CPU
		{0750FD5C-105A-474E-AB36-CA98DC1FA2E4}.Debug|Any CPU.Build.0 = Debug|Any CPU
		{0750FD5C-105A-474E-AB36-CA98DC1FA2E4}.Release|Any CPU.ActiveCfg = Release|Any CPU
		{0750FD5C-105A-474E-AB36-CA98DC1FA2E4}.Release|Any CPU.Build.0 = Release|Any CPU
		{72A70465-E4FE-4F29-933E-FDEF17AAF0A2}.Debug|Any CPU.ActiveCfg = Debug|Any CPU
		{72A70465-E4FE-4F29-933E-FDEF17AAF0A2}.Debug|Any CPU.Build.0 = Debug|Any CPU
		{72A70465-E4FE-4F29-933E-FDEF17AAF0A2}.Release|Any CPU.ActiveCfg = Release|Any CPU
		{72A70465-E4FE-4F29-933E-FDEF17AAF0A2}.Release|Any CPU.Build.0 = Release|Any CPU
	EndGlobalSection
	GlobalSection(SolutionProperties) = preSolution
		HideSolutionNode = FALSE
	EndGlobalSection
EndGlobal
