
Microsoft Visual Studio Solution File, Format Version 12.00
# Visual Studio 2013
VisualStudioVersion = 12.0.31101.0
MinimumVisualStudioVersion = 10.0.40219.1
Project("{BBD0F5D1-1CC4-42FD-BA4C-A96779C64378}") = "TrayListenerApp", "TrayListenerApp\TrayListenerApp.synproj", "{333C3BA1-D73F-481E-A837-BB41F44C06D6}"
EndProject
Project("{BBD0F5D1-1CC4-42FD-BA4C-A96779C64378}") = "TestApp", "TestApp\TestApp.synproj", "{32EDE4FD-608F-42A2-A5CC-EE8AF6598C41}"
EndProject
Project("{2150E333-8FDC-42A3-9474-1A3956D46DE8}") = "Solution Items", "Solution Items", "{4949E3E9-1A48-4BE6-A41F-65D63F7106E2}"
	ProjectSection(SolutionItems) = preProject
		readme.txt = readme.txt
	EndProjectSection
EndProject
Global
	GlobalSection(SolutionConfigurationPlatforms) = preSolution
		Debug|Any CPU = Debug|Any CPU
		Release|Any CPU = Release|Any CPU
	EndGlobalSection
	GlobalSection(ProjectConfigurationPlatforms) = postSolution
		{333C3BA1-D73F-481E-A837-BB41F44C06D6}.Debug|Any CPU.ActiveCfg = Debug|Any CPU
		{333C3BA1-D73F-481E-A837-BB41F44C06D6}.Debug|Any CPU.Build.0 = Debug|Any CPU
		{333C3BA1-D73F-481E-A837-BB41F44C06D6}.Release|Any CPU.ActiveCfg = Release|Any CPU
		{333C3BA1-D73F-481E-A837-BB41F44C06D6}.Release|Any CPU.Build.0 = Release|Any CPU
		{32EDE4FD-608F-42A2-A5CC-EE8AF6598C41}.Debug|Any CPU.ActiveCfg = Debug|Any CPU
		{32EDE4FD-608F-42A2-A5CC-EE8AF6598C41}.Debug|Any CPU.Build.0 = Debug|Any CPU
		{32EDE4FD-608F-42A2-A5CC-EE8AF6598C41}.Release|Any CPU.ActiveCfg = Release|Any CPU
		{32EDE4FD-608F-42A2-A5CC-EE8AF6598C41}.Release|Any CPU.Build.0 = Release|Any CPU
	EndGlobalSection
	GlobalSection(SolutionProperties) = preSolution
		HideSolutionNode = FALSE
	EndGlobalSection
EndGlobal
