
Microsoft Visual Studio Solution File, Format Version 11.00
# Visual Studio 2010
Project("{FAE04EC0-301F-11D3-BF4B-00C04F79EFBC}") = "MvvmToolkit", "MvvmToolkit.csproj", "{C270B9E5-14B7-4E80-8F3B-316CD9D03148}"
EndProject
Global
	GlobalSection(SolutionConfigurationPlatforms) = preSolution
		Debug|Any CPU = Debug|Any CPU
		Release|Any CPU = Release|Any CPU
	EndGlobalSection
	GlobalSection(ProjectConfigurationPlatforms) = postSolution
		{C270B9E5-14B7-4E80-8F3B-316CD9D03148}.Debug|Any CPU.ActiveCfg = Debug|Any CPU
		{C270B9E5-14B7-4E80-8F3B-316CD9D03148}.Debug|Any CPU.Build.0 = Debug|Any CPU
		{C270B9E5-14B7-4E80-8F3B-316CD9D03148}.Release|Any CPU.ActiveCfg = Release|Any CPU
		{C270B9E5-14B7-4E80-8F3B-316CD9D03148}.Release|Any CPU.Build.0 = Release|Any CPU
	EndGlobalSection
	GlobalSection(SolutionProperties) = preSolution
		HideSolutionNode = FALSE
	EndGlobalSection
EndGlobal
